
Microsoft Visual Studio Solution File, Format Version 12.00
# Visual Studio Version 16
VisualStudioVersion = 16.0.29613.14
MinimumVisualStudioVersion = 10.0.40219.1
Project("{FAE04EC0-301F-11D3-BF4B-00C04F79EFBC}") = "ImageCopyApp", "ImageCopyApp\ImageCopyApp.csproj", "{F12DBCB0-DFE1-4025-9318-96A062BF2ABC}"
EndProject
Global
	GlobalSection(SolutionConfigurationPlatforms) = preSolution
		Debug|Any CPU = Debug|Any CPU
		Release|Any CPU = Release|Any CPU
	EndGlobalSection
	GlobalSection(ProjectConfigurationPlatforms) = postSolution
		{F12DBCB0-DFE1-4025-9318-96A062BF2ABC}.Debug|Any CPU.ActiveCfg = Debug|Any CPU
		{F12DBCB0-DFE1-4025-9318-96A062BF2ABC}.Debug|Any CPU.Build.0 = Debug|Any CPU
		{F12DBCB0-DFE1-4025-9318-96A062BF2ABC}.Release|Any CPU.ActiveCfg = Release|Any CPU
		{F12DBCB0-DFE1-4025-9318-96A062BF2ABC}.Release|Any CPU.Build.0 = Release|Any CPU
	EndGlobalSection
	GlobalSection(SolutionProperties) = preSolution
		HideSolutionNode = FALSE
	EndGlobalSection
	GlobalSection(ExtensibilityGlobals) = postSolution
		SolutionGuid = {3ED7F99D-F531-4E16-914C-8F47B803D039}
	EndGlobalSection
EndGlobal
